github.com/davecgh/go-spew v1.1.0/go.mod h1:J7Y8YcW2NihsgmVo/mv3lAwl/skON4iLHjSsI+c5H38=
github.com/devigned/gojsonschema v1.2.1-0.20191230222603-66c817755707 h1:wGLKHkwYfrgAIWuMOS+gLUb3dKNwvLhqbFgJ+61KtwQ=
github.com/devigned/gojsonschema v1.2.1-0.20191230222603-66c817755707/go.mod h1:sSkPisfU5IfuoRgwlKZxezXDlqL0o2ocuSNwPqU5ecE=
github.com/devigned/gojsonschema v1.2.1-0.20191230224722-a3d469230c55 h1:0WW2jclawP34QXZqhrsFTgIurgyBs7AoI3jWy2Xdla8=
github.com/devigned/gojsonschema v1.2.1-0.20191230224722-a3d469230c55/go.mod h1:sSkPisfU5IfuoRgwlKZxezXDlqL0o2ocuSNwPqU5ecE=
github.com/devigned/gojsonschema v1.2.1-0.20191230225828-5402256a92a3 h1:7xWYl+rlvdagRxpHXEIfuZ6lao+gEqi3F0gLJOX/arM=
github.com/devigned/gojsonschema v1.2.1-0.20191230225828-5402256a92a3/go.mod h1:sSkPisfU5IfuoRgwlKZxezXDlqL0o2ocuSNwPqU5ecE=
github.com/devigned/gojsonschema v1.2.1-0.20191231010529-c593123f1e5d h1:0q2Xu1eQ4qtUJrl38FHY7GED7c6LKZ2iJxoc+O6WPKg=
github.com/devigned/gojsonschema v1.2.1-0.20191231010529-c593123f1e5d/go.mod h1:sSkPisfU5IfuoRgwlKZxezXDlqL0o2ocuSNwPqU5ecE=
github.com/pmezard/go-difflib v1.0.0/go.mod h1:iKH77koFhYxTK1pcRnkKkqfTogsbg7gZNVY4sRDYZ/4=
github.com/stretchr/objx v0.1.0/go.mod h1:HFkY916IF+rwdDfMAkV7OtwuqBVzrE8GR6GFx+wExME=
github.com/stretchr/testify v1.3.0/go.mod h1:M5WIy9Dh21IEIfnGCwXGc5bZfKNJtfHm1UVUgZn+9EI=
github.com/xeipuuv/gojsonpointer v0.0.0-20180127040702-4e3ac2762d5f h1:J9EGpcZtP0E/raorCMxlFGSTBrsSlaDGf3jU/qvAE2c=
github.com/xeipuuv/gojsonpointer v0.0.0-20180127040702-4e3ac2762d5f/go.mod h1:N2zxlSyiKSe5eX1tZViRH5QA0qijqEDrYZiPEAiq3wU=
github.com/xeipuuv/gojsonpointer v0.0.0-20190905194746-02993c407bfb h1:zGWFAtiMcyryUHoUjUJX0/lt1H2+i2Ka2n+D3DImSNo=
github.com/xeipuuv/gojsonpointer v0.0.0-20190905194746-02993c407bfb/go.mod h1:N2zxlSyiKSe5eX1tZViRH5QA0qijqEDrYZiPEAiq3wU=
github.com/xeipuuv/gojsonreference v0.0.0-20180127040603-bd5ef7bd5415 h1:EzJWgHovont7NscjpAxXsDA8S8BMYve8Y5+7cuRE7R0=
github.com/xeipuuv/gojsonreference v0.0.0-20180127040603-bd5ef7bd5415/go.mod h1:GwrjFmJcFw6At/Gs6z4yjiIwzuJ1/+UwLxMQDVQXShQ=
github.com/xeipuuv/gojsonschema v1.2.0 h1:LhYJRs+L4fBtjZUfuSZIKGeVu0QRy8e5Xi7D17UxZ74=
github.com/xeipuuv/gojsonschema v1.2.0/go.mod h1:anYRn/JVcOK2ZgGU+IjEV4nwlhoK5sQluxsYJ78Id3Y=
